
Microsoft Visual Studio Solution File, Format Version 12.00
# Visual Studio Version 17
VisualStudioVersion = 17.14.37216.2 d17.14
MinimumVisualStudioVersion = 10.0.40219.1
Project("{FAE04EC0-301F-11D3-BF4B-00C04F79EFBC}") = "EjercicioNum6", "EjercicioNum6\EjercicioNum6.csproj", "{65C1AA91-9546-4F88-BEB6-44C413139E85}"
EndProject
Global
	GlobalSection(SolutionConfigurationPlatforms) = preSolution
		Debug|Any CPU = Debug|Any CPU
		Release|Any CPU = Release|Any CPU
	EndGlobalSection
	GlobalSection(ProjectConfigurationPlatforms) = postSolution
		{65C1AA91-9546-4F88-BEB6-44C413139E85}.Debug|Any CPU.ActiveCfg = Debug|Any CPU
		{65C1AA91-9546-4F88-BEB6-44C413139E85}.Debug|Any CPU.Build.0 = Debug|Any CPU
		{65C1AA91-9546-4F88-BEB6-44C413139E85}.Release|Any CPU.ActiveCfg = Release|Any CPU
		{65C1AA91-9546-4F88-BEB6-44C413139E85}.Release|Any CPU.Build.0 = Release|Any CPU
	EndGlobalSection
	GlobalSection(SolutionProperties) = preSolution
		HideSolutionNode = FALSE
	EndGlobalSection
	GlobalSection(ExtensibilityGlobals) = postSolution
		SolutionGuid = {6F886C40-D4ED-46BC-952C-08D8616B787D}
	EndGlobalSection
EndGlobal
